
Microsoft Visual Studio Solution File, Format Version 12.00
# Visual Studio Version 16
VisualStudioVersion = 16.0.29728.190
MinimumVisualStudioVersion = 10.0.40219.1
Project("{FAE04EC0-301F-11D3-BF4B-00C04F79EFBC}") = "Lotto", "Lotto\Lotto.csproj", "{155CC6F9-9ABD-4688-8D32-306001097459}"
EndProject
Global
	GlobalSection(SolutionConfigurationPlatforms) = preSolution
		Debug|Any CPU = Debug|Any CPU
		Release|Any CPU = Release|Any CPU
	EndGlobalSection
	GlobalSection(ProjectConfigurationPlatforms) = postSolution
		{155CC6F9-9ABD-4688-8D32-306001097459}.Debug|Any CPU.ActiveCfg = Debug|Any CPU
		{155CC6F9-9ABD-4688-8D32-306001097459}.Debug|Any CPU.Build.0 = Debug|Any CPU
		{155CC6F9-9ABD-4688-8D32-306001097459}.Release|Any CPU.ActiveCfg = Release|Any CPU
		{155CC6F9-9ABD-4688-8D32-306001097459}.Release|Any CPU.Build.0 = Release|Any CPU
	EndGlobalSection
	GlobalSection(SolutionProperties) = preSolution
		HideSolutionNode = FALSE
	EndGlobalSection
	GlobalSection(ExtensibilityGlobals) = postSolution
		SolutionGuid = {681E2223-38A1-470A-91B9-59BDE4EC2E70}
	EndGlobalSection
EndGlobal
